{
  "name": "@viatsyshyn/ts-entity",
  "version": "0.0.0",
  "lockfileVersion": 1,
  "requires": true,
  "dependencies": {
    "@types/inversify": {
      "version": "2.0.33",
      "resolved": "https://registry.npmjs.org/@types/inversify/-/inversify-2.0.33.tgz",
      "integrity": "sha1-B3Da4imaruV4A/dSNeZKmbdPbeA=",
      "dev": true,
      "requires": {
        "inversify": "*"
      }
    },
    "@types/reflect-metadata": {
      "version": "0.1.0",
      "resolved": "https://registry.npmjs.org/@types/reflect-metadata/-/reflect-metadata-0.1.0.tgz",
      "integrity": "sha512-bXltFLY3qhzCnVYP5iUpeSICagQ8rc9K2liS+8M0lBcz54BHs3O6W5UvqespVSuebo1BXLi+/y9ioELAW9SC2A==",
      "dev": true,
      "requires": {
        "reflect-metadata": "*"
      }
    },
    "@viatsyshyn/ts-orm": {
      "version": "0.2.0",
      "resolved": "https://registry.npmjs.org/@viatsyshyn/ts-orm/-/ts-orm-0.2.0.tgz",
      "integrity": "sha512-nYVb2C6TKzKQyNLdYYSSu+sgAbkd2ILDEQAPx6w/zEd2WkTrBYRI20IhkI3PXtSXCM22w7MjDq7Nj/oDyo6v0w==",
      "dev": true
    },
    "inversify": {
      "version": "5.0.1",
      "resolved": "https://registry.npmjs.org/inversify/-/inversify-5.0.1.tgz",
      "integrity": "sha512-Ieh06s48WnEYGcqHepdsJUIJUXpwH5o5vodAX+DK2JA/gjy4EbEcQZxw+uFfzysmKjiLXGYwNG3qDZsKVMcINQ==",
      "dev": true
    },
    "reflect-metadata": {
      "version": "0.1.13",
      "resolved": "https://registry.npmjs.org/reflect-metadata/-/reflect-metadata-0.1.13.tgz",
      "integrity": "sha512-Ts1Y/anZELhSsjMcU605fU9RE4Oi3p5ORujwbIKXfWa+0Zxs510Qrmrce5/Jowq3cHSZSJqBjypxmHarc+vEWg=="
    },
    "typescript": {
      "version": "3.7.2",
      "resolved": "https://registry.npmjs.org/typescript/-/typescript-3.7.2.tgz",
      "integrity": "sha512-ml7V7JfiN2Xwvcer+XAf2csGO1bPBdRbFCkYBczNZggrBZ9c7G3riSUeJmqEU5uOtXNPMhE3n+R4FA/3YOAWOQ==",
      "dev": true
    }
  }
}
